
Microsoft Visual Studio Solution File, Format Version 12.00
# Visual Studio Version 17
VisualStudioVersion = 17.4.33205.214
MinimumVisualStudioVersion = 10.0.40219.1
Project("{FAE04EC0-301F-11D3-BF4B-00C04F79EFBC}") = "BausparenAutomation", "BausparenAutomation\BausparenAutomation.csproj", "{37243B23-15DD-4863-977A-B60387B72506}"
EndProject
Global
	GlobalSection(SolutionConfigurationPlatforms) = preSolution
		Debug|Any CPU = Debug|Any CPU
		Release|Any CPU = Release|Any CPU
	EndGlobalSection
	GlobalSection(ProjectConfigurationPlatforms) = postSolution
		{37243B23-15DD-4863-977A-B60387B72506}.Debug|Any CPU.ActiveCfg = Debug|Any CPU
		{37243B23-15DD-4863-977A-B60387B72506}.Debug|Any CPU.Build.0 = Debug|Any CPU
		{37243B23-15DD-4863-977A-B60387B72506}.Release|Any CPU.ActiveCfg = Release|Any CPU
		{37243B23-15DD-4863-977A-B60387B72506}.Release|Any CPU.Build.0 = Release|Any CPU
	EndGlobalSection
	GlobalSection(SolutionProperties) = preSolution
		HideSolutionNode = FALSE
	EndGlobalSection
	GlobalSection(ExtensibilityGlobals) = postSolution
		SolutionGuid = {FBA2E4A7-4868-46D4-949C-BA0378D60609}
	EndGlobalSection
EndGlobal
